
Microsoft Visual Studio Solution File, Format Version 12.00
# Visual Studio Version 17
VisualStudioVersion = 17.5.33424.131
MinimumVisualStudioVersion = 10.0.40219.1
Project("{FAE04EC0-301F-11D3-BF4B-00C04F79EFBC}") = "wsc-results", "wsc-results\wsc-results.csproj", "{AFF5F8D0-6D65-4307-BA9F-083D76FFA627}"
EndProject
Global
	GlobalSection(SolutionConfigurationPlatforms) = preSolution
		Debug|Any CPU = Debug|Any CPU
		Release|Any CPU = Release|Any CPU
	EndGlobalSection
	GlobalSection(ProjectConfigurationPlatforms) = postSolution
		{AFF5F8D0-6D65-4307-BA9F-083D76FFA627}.Debug|Any CPU.ActiveCfg = Debug|Any CPU
		{AFF5F8D0-6D65-4307-BA9F-083D76FFA627}.Debug|Any CPU.Build.0 = Debug|Any CPU
		{AFF5F8D0-6D65-4307-BA9F-083D76FFA627}.Release|Any CPU.ActiveCfg = Release|Any CPU
		{AFF5F8D0-6D65-4307-BA9F-083D76FFA627}.Release|Any CPU.Build.0 = Release|Any CPU
	EndGlobalSection
	GlobalSection(SolutionProperties) = preSolution
		HideSolutionNode = FALSE
	EndGlobalSection
	GlobalSection(ExtensibilityGlobals) = postSolution
		SolutionGuid = {FF800B77-EA12-4A67-9A06-5670FA6338DA}
	EndGlobalSection
EndGlobal
